
Microsoft Visual Studio Solution File, Format Version 12.00
# Visual Studio 14
VisualStudioVersion = 14.0.25420.1
MinimumVisualStudioVersion = 10.0.40219.1
Project("{FAE04EC0-301F-11D3-BF4B-00C04F79EFBC}") = "AGL.CodingExercise.Web", "AGL.CodingExercise.Web\AGL.CodingExercise.Web.csproj", "{C29C7DAE-FB99-496D-8A9C-495F7464ECD0}"
EndProject
Project("{FAE04EC0-301F-11D3-BF4B-00C04F79EFBC}") = "AGL.CodingExercise.Domain", "AGL.CodingExercise.Domain\AGL.CodingExercise.Domain.csproj", "{9C910345-A7E1-4B39-87E7-5419D6847440}"
EndProject
Project("{FAE04EC0-301F-11D3-BF4B-00C04F79EFBC}") = "AGL.CodingExercise.Infrastructure", "AGL.CodingExercise.Infrastructure\AGL.CodingExercise.Infrastructure.csproj", "{4658B452-995F-49F1-ABD9-A42B42C6B58C}"
EndProject
Global
	GlobalSection(SolutionConfigurationPlatforms) = preSolution
		Debug|Any CPU = Debug|Any CPU
		Release|Any CPU = Release|Any CPU
	EndGlobalSection
	GlobalSection(ProjectConfigurationPlatforms) = postSolution
		{C29C7DAE-FB99-496D-8A9C-495F7464ECD0}.Debug|Any CPU.ActiveCfg = Debug|Any CPU
		{C29C7DAE-FB99-496D-8A9C-495F7464ECD0}.Debug|Any CPU.Build.0 = Debug|Any CPU
		{C29C7DAE-FB99-496D-8A9C-495F7464ECD0}.Release|Any CPU.ActiveCfg = Release|Any CPU
		{C29C7DAE-FB99-496D-8A9C-495F7464ECD0}.Release|Any CPU.Build.0 = Release|Any CPU
		{9C910345-A7E1-4B39-87E7-5419D6847440}.Debug|Any CPU.ActiveCfg = Debug|Any CPU
		{9C910345-A7E1-4B39-87E7-5419D6847440}.Debug|Any CPU.Build.0 = Debug|Any CPU
		{9C910345-A7E1-4B39-87E7-5419D6847440}.Release|Any CPU.ActiveCfg = Release|Any CPU
		{9C910345-A7E1-4B39-87E7-5419D6847440}.Release|Any CPU.Build.0 = Release|Any CPU
		{4658B452-995F-49F1-ABD9-A42B42C6B58C}.Debug|Any CPU.ActiveCfg = Debug|Any CPU
		{4658B452-995F-49F1-ABD9-A42B42C6B58C}.Debug|Any CPU.Build.0 = Debug|Any CPU
		{4658B452-995F-49F1-ABD9-A42B42C6B58C}.Release|Any CPU.ActiveCfg = Release|Any CPU
		{4658B452-995F-49F1-ABD9-A42B42C6B58C}.Release|Any CPU.Build.0 = Release|Any CPU
	EndGlobalSection
	GlobalSection(SolutionProperties) = preSolution
		HideSolutionNode = FALSE
	EndGlobalSection
EndGlobal
